// !$*UTF8*$!
{
	archiveVersion = 1;
	classes = {
	};
	objectVersion = 48;
	objects = {

/* Begin PBXBuildFile section */
		520C84F2204086A700E1F660 /* MockPDFViewControllerDelegate.swift in Sources */ = {isa = PBXBuildFile; fileRef = 520C84F1204086A700E1F660 /* MockPDFViewControllerDelegate.swift */; };
		520C84F420408C6100E1F660 /* MockData.swift in Sources */ = {isa = PBXBuildFile; fileRef = 520C84F320408C6100E1F660 /* MockData.swift */; };
		520C84F620408CF600E1F660 /* MockAPIKeysTemplate.swift in Sources */ = {isa = PBXBuildFile; fileRef = 520C84F520408CF600E1F660 /* MockAPIKeysTemplate.swift */; };
		520C84F8204090C500E1F660 /* APIKeysTemplate.swift in Sources */ = {isa = PBXBuildFile; fileRef = 520C84F7204090C500E1F660 /* APIKeysTemplate.swift */; };
		520C84FA2040926800E1F660 /* MockAPIKeys.swift in Sources */ = {isa = PBXBuildFile; fileRef = 520C84F92040926800E1F660 /* MockAPIKeys.swift */; };
		520C84FC2040C79D00E1F660 /* DataModeling.pdf in Resources */ = {isa = PBXBuildFile; fileRef = 520C84FB2040C79D00E1F660 /* DataModeling.pdf */; };
		520C85002040D32A00E1F660 /* PSPDFKitUI.framework in CopyFiles */ = {isa = PBXBuildFile; fileRef = 52D5AD721FBCF3C400A8C000 /* PSPDFKitUI.framework */; settings = {ATTRIBUTES = (CodeSignOnCopy, RemoveHeadersOnCopy, ); }; };
		520C85012040D32A00E1F660 /* PSPDFKit.framework in CopyFiles */ = {isa = PBXBuildFile; fileRef = 52D5AD701FBCF3C000A8C000 /* PSPDFKit.framework */; settings = {ATTRIBUTES = (CodeSignOnCopy, RemoveHeadersOnCopy, ); }; };
		524441192044A14300DFBDF0 /* Book.swift in Sources */ = {isa = PBXBuildFile; fileRef = 524441172044A14300DFBDF0 /* Book.swift */; };
		5244411A2044A14300DFBDF0 /* Books.plist in Resources */ = {isa = PBXBuildFile; fileRef = 524441182044A14300DFBDF0 /* Books.plist */; };
		526769941FE1CC2200FFF668 /* PDFBookmarkProvider.swift in Sources */ = {isa = PBXBuildFile; fileRef = 526769931FE1CC2200FFF668 /* PDFBookmarkProvider.swift */; };
		52690F0E1FD07F3B004CDD6C /* DataModeling.pdf in Resources */ = {isa = PBXBuildFile; fileRef = 52690F0D1FD07F3B004CDD6C /* DataModeling.pdf */; };
		527546311FBBA24800395A1F /* PDF.framework in Frameworks */ = {isa = PBXBuildFile; fileRef = 527546271FBBA24800395A1F /* PDF.framework */; };
		527546361FBBA24800395A1F /* PDFTests.swift in Sources */ = {isa = PBXBuildFile; fileRef = 527546351FBBA24800395A1F /* PDFTests.swift */; };
		527546381FBBA24800395A1F /* PDF.h in Headers */ = {isa = PBXBuildFile; fileRef = 5275462A1FBBA24800395A1F /* PDF.h */; settings = {ATTRIBUTES = (Public, ); }; };
		527546481FBBA38500395A1F /* AppDelegate.swift in Sources */ = {isa = PBXBuildFile; fileRef = 527546471FBBA38500395A1F /* AppDelegate.swift */; };
		5275464A1FBBA38500395A1F /* ViewController.swift in Sources */ = {isa = PBXBuildFile; fileRef = 527546491FBBA38500395A1F /* ViewController.swift */; };
		5275464D1FBBA38500395A1F /* Main.storyboard in Resources */ = {isa = PBXBuildFile; fileRef = 5275464B1FBBA38500395A1F /* Main.storyboard */; };
		5275464F1FBBA38500395A1F /* Assets.xcassets in Resources */ = {isa = PBXBuildFile; fileRef = 5275464E1FBBA38500395A1F /* Assets.xcassets */; };
		527546521FBBA38500395A1F /* LaunchScreen.storyboard in Resources */ = {isa = PBXBuildFile; fileRef = 527546501FBBA38500395A1F /* LaunchScreen.storyboard */; };
		5275465D1FBBA38600395A1F /* PDFExampleTests.swift in Sources */ = {isa = PBXBuildFile; fileRef = 5275465C1FBBA38600395A1F /* PDFExampleTests.swift */; };
		527546681FBBA38600395A1F /* PDFExampleUITests.swift in Sources */ = {isa = PBXBuildFile; fileRef = 527546671FBBA38600395A1F /* PDFExampleUITests.swift */; };
		527546741FBBB3B700395A1F /* PDFViewController.swift in Sources */ = {isa = PBXBuildFile; fileRef = 527546731FBBB3B700395A1F /* PDFViewController.swift */; };
		5282D3961FCF306500A392C5 /* FinancialAccounting.pdf in Resources */ = {isa = PBXBuildFile; fileRef = 5282D3951FCF306500A392C5 /* FinancialAccounting.pdf */; };
		52899BC7209A4F56008F91B6 /* PDF.framework in Frameworks */ = {isa = PBXBuildFile; fileRef = 527546271FBBA24800395A1F /* PDF.framework */; };
		52899BC8209A4F56008F91B6 /* PDF.framework in Embed Frameworks */ = {isa = PBXBuildFile; fileRef = 527546271FBBA24800395A1F /* PDF.framework */; settings = {ATTRIBUTES = (CodeSignOnCopy, RemoveHeadersOnCopy, ); }; };
		52899BCC209A6502008F91B6 /* MinitexPDFProtocols.framework in Frameworks */ = {isa = PBXBuildFile; fileRef = 52899BCB209A6502008F91B6 /* MinitexPDFProtocols.framework */; };
		52899BCE209A6510008F91B6 /* MinitexPDFProtocols.framework in Frameworks */ = {isa = PBXBuildFile; fileRef = 52899BCB209A6502008F91B6 /* MinitexPDFProtocols.framework */; };
		52899BCF209A6510008F91B6 /* MinitexPDFProtocols.framework in Embed Frameworks */ = {isa = PBXBuildFile; fileRef = 52899BCB209A6502008F91B6 /* MinitexPDFProtocols.framework */; settings = {ATTRIBUTES = (CodeSignOnCopy, RemoveHeadersOnCopy, ); }; };
		52B47AD81FC4C1CD00D7EA12 /* APIKeys.swift in Sources */ = {isa = PBXBuildFile; fileRef = 52B47AD71FC4C1CD00D7EA12 /* APIKeys.swift */; };
		52B6B1211FD719CB00AFA35B /* Book.swift in Sources */ = {isa = PBXBuildFile; fileRef = 52B6B1201FD719CB00AFA35B /* Book.swift */; };
		52B6B1231FD7303300AFA35B /* Books.plist in Resources */ = {isa = PBXBuildFile; fileRef = 52B6B1221FD7303300AFA35B /* Books.plist */; };
		52B872012007FA100054F920 /* PDFAnnotationProvider.swift in Sources */ = {isa = PBXBuildFile; fileRef = 52B872002007FA100054F920 /* PDFAnnotationProvider.swift */; };
		52F8C79D20504FEE00B0C804 /* PDFBookmark.swift in Sources */ = {isa = PBXBuildFile; fileRef = 52F8C79C20504FEE00B0C804 /* PDFBookmark.swift */; };
		52FBB1752048A8170032007F /* PDFAnnotation.swift in Sources */ = {isa = PBXBuildFile; fileRef = 52FBB1742048A8170032007F /* PDFAnnotation.swift */; };
		52FBB1772048B2C60032007F /* PDFAgnosticClassTests.swift in Sources */ = {isa = PBXBuildFile; fileRef = 52FBB1762048B2C60032007F /* PDFAgnosticClassTests.swift */; };
/* End PBXBuildFile section */

/* Begin PBXContainerItemProxy section */
		527546321FBBA24800395A1F /* PBXContainerItemProxy */ = {
			isa = PBXContainerItemProxy;
			containerPortal = 5275461E1FBBA24800395A1F /* Project object */;
			proxyType = 1;
			remoteGlobalIDString = 527546261FBBA24800395A1F;
			remoteInfo = PDF;
		};
		527546591FBBA38600395A1F /* PBXContainerItemProxy */ = {
			isa = PBXContainerItemProxy;
			containerPortal = 5275461E1FBBA24800395A1F /* Project object */;
			proxyType = 1;
			remoteGlobalIDString = 527546441FBBA38500395A1F;
			remoteInfo = PDFExample;
		};
		527546641FBBA38600395A1F /* PBXContainerItemProxy */ = {
			isa = PBXContainerItemProxy;
			containerPortal = 5275461E1FBBA24800395A1F /* Project object */;
			proxyType = 1;
			remoteGlobalIDString = 527546441FBBA38500395A1F;
			remoteInfo = PDFExample;
		};
		52899BC9209A4F56008F91B6 /* PBXContainerItemProxy */ = {
			isa = PBXContainerItemProxy;
			containerPortal = 5275461E1FBBA24800395A1F /* Project object */;
			proxyType = 1;
			remoteGlobalIDString = 527546261FBBA24800395A1F;
			remoteInfo = PDF;
		};
/* End PBXContainerItemProxy section */

/* Begin PBXCopyFilesBuildPhase section */
		520C84FF2040D30500E1F660 /* CopyFiles */ = {
			isa = PBXCopyFilesBuildPhase;
			buildActionMask = 2147483647;
			dstPath = "";
			dstSubfolderSpec = 10;
			files = (
				520C85002040D32A00E1F660 /* PSPDFKitUI.framework in CopyFiles */,
				520C85012040D32A00E1F660 /* PSPDFKit.framework in CopyFiles */,
			);
			runOnlyForDeploymentPostprocessing = 0;
		};
		529958E81FD8613000995B39 /* CopyFiles */ = {
			isa = PBXCopyFilesBuildPhase;
			buildActionMask = 2147483647;
			dstPath = "";
			dstSubfolderSpec = 10;
			files = (
			);
			runOnlyForDeploymentPostprocessing = 0;
		};
		52D5AD6E1FBCD74800A8C000 /* Embed Frameworks */ = {
			isa = PBXCopyFilesBuildPhase;
			buildActionMask = 12;
			dstPath = "";
			dstSubfolderSpec = 10;
			files = (
				52899BCF209A6510008F91B6 /* MinitexPDFProtocols.framework in Embed Frameworks */,
				52899BC8209A4F56008F91B6 /* PDF.framework in Embed Frameworks */,
			);
			name = "Embed Frameworks";
			runOnlyForDeploymentPostprocessing = 0;
		};
/* End PBXCopyFilesBuildPhase section */

/* Begin PBXFileReference section */
		520C84F1204086A700E1F660 /* MockPDFViewControllerDelegate.swift */ = {isa = PBXFileReference; lastKnownFileType = sourcecode.swift; path = MockPDFViewControllerDelegate.swift; sourceTree = "<group>"; };
		520C84F320408C6100E1F660 /* MockData.swift */ = {isa = PBXFileReference; lastKnownFileType = sourcecode.swift; path = MockData.swift; sourceTree = "<group>"; };
		520C84F520408CF600E1F660 /* MockAPIKeysTemplate.swift */ = {isa = PBXFileReference; lastKnownFileType = sourcecode.swift; path = MockAPIKeysTemplate.swift; sourceTree = "<group>"; };
		520C84F7204090C500E1F660 /* APIKeysTemplate.swift */ = {isa = PBXFileReference; lastKnownFileType = sourcecode.swift; path = APIKeysTemplate.swift; sourceTree = "<group>"; };
		520C84F92040926800E1F660 /* MockAPIKeys.swift */ = {isa = PBXFileReference; lastKnownFileType = sourcecode.swift; path = MockAPIKeys.swift; sourceTree = "<group>"; };
		520C84FB2040C79D00E1F660 /* DataModeling.pdf */ = {isa = PBXFileReference; lastKnownFileType = image.pdf; path = DataModeling.pdf; sourceTree = "<group>"; };
		524441172044A14300DFBDF0 /* Book.swift */ = {isa = PBXFileReference; fileEncoding = 4; lastKnownFileType = sourcecode.swift; path = Book.swift; sourceTree = "<group>"; };
		524441182044A14300DFBDF0 /* Books.plist */ = {isa = PBXFileReference; fileEncoding = 4; lastKnownFileType = text.plist.xml; path = Books.plist; sourceTree = "<group>"; };
		526769931FE1CC2200FFF668 /* PDFBookmarkProvider.swift */ = {isa = PBXFileReference; fileEncoding = 4; lastKnownFileType = sourcecode.swift; path = PDFBookmarkProvider.swift; sourceTree = "<group>"; };
		52690F0D1FD07F3B004CDD6C /* DataModeling.pdf */ = {isa = PBXFileReference; lastKnownFileType = image.pdf; path = DataModeling.pdf; sourceTree = "<group>"; };
		527546271FBBA24800395A1F /* PDF.framework */ = {isa = PBXFileReference; explicitFileType = wrapper.framework; includeInIndex = 0; path = PDF.framework; sourceTree = BUILT_PRODUCTS_DIR; };
		5275462A1FBBA24800395A1F /* PDF.h */ = {isa = PBXFileReference; lastKnownFileType = sourcecode.c.h; path = PDF.h; sourceTree = "<group>"; };
		5275462B1FBBA24800395A1F /* Info.plist */ = {isa = PBXFileReference; lastKnownFileType = text.plist.xml; path = Info.plist; sourceTree = "<group>"; };
		527546301FBBA24800395A1F /* PDFTests.xctest */ = {isa = PBXFileReference; explicitFileType = wrapper.cfbundle; includeInIndex = 0; path = PDFTests.xctest; sourceTree = BUILT_PRODUCTS_DIR; };
		527546351FBBA24800395A1F /* PDFTests.swift */ = {isa = PBXFileReference; lastKnownFileType = sourcecode.swift; path = PDFTests.swift; sourceTree = "<group>"; };
		527546371FBBA24800395A1F /* Info.plist */ = {isa = PBXFileReference; lastKnownFileType = text.plist.xml; path = Info.plist; sourceTree = "<group>"; };
		527546451FBBA38500395A1F /* PDFExample.app */ = {isa = PBXFileReference; explicitFileType = wrapper.application; includeInIndex = 0; path = PDFExample.app; sourceTree = BUILT_PRODUCTS_DIR; };
		527546471FBBA38500395A1F /* AppDelegate.swift */ = {isa = PBXFileReference; lastKnownFileType = sourcecode.swift; path = AppDelegate.swift; sourceTree = "<group>"; };
		527546491FBBA38500395A1F /* ViewController.swift */ = {isa = PBXFileReference; lastKnownFileType = sourcecode.swift; path = ViewController.swift; sourceTree = "<group>"; };
		5275464C1FBBA38500395A1F /* Base */ = {isa = PBXFileReference; lastKnownFileType = file.storyboard; name = Base; path = Base.lproj/Main.storyboard; sourceTree = "<group>"; };
		5275464E1FBBA38500395A1F /* Assets.xcassets */ = {isa = PBXFileReference; lastKnownFileType = folder.assetcatalog; path = Assets.xcassets; sourceTree = "<group>"; };
		527546511FBBA38500395A1F /* Base */ = {isa = PBXFileReference; lastKnownFileType = file.storyboard; name = Base; path = Base.lproj/LaunchScreen.storyboard; sourceTree = "<group>"; };
		527546531FBBA38500395A1F /* Info.plist */ = {isa = PBXFileReference; lastKnownFileType = text.plist.xml; path = Info.plist; sourceTree = "<group>"; };
		527546581FBBA38600395A1F /* PDFExampleTests.xctest */ = {isa = PBXFileReference; explicitFileType = wrapper.cfbundle; includeInIndex = 0; path = PDFExampleTests.xctest; sourceTree = BUILT_PRODUCTS_DIR; };
		5275465C1FBBA38600395A1F /* PDFExampleTests.swift */ = {isa = PBXFileReference; lastKnownFileType = sourcecode.swift; path = PDFExampleTests.swift; sourceTree = "<group>"; };
		5275465E1FBBA38600395A1F /* Info.plist */ = {isa = PBXFileReference; lastKnownFileType = text.plist.xml; path = Info.plist; sourceTree = "<group>"; };
		527546631FBBA38600395A1F /* PDFExampleUITests.xctest */ = {isa = PBXFileReference; explicitFileType = wrapper.cfbundle; includeInIndex = 0; path = PDFExampleUITests.xctest; sourceTree = BUILT_PRODUCTS_DIR; };
		527546671FBBA38600395A1F /* PDFExampleUITests.swift */ = {isa = PBXFileReference; lastKnownFileType = sourcecode.swift; path = PDFExampleUITests.swift; sourceTree = "<group>"; };
		527546691FBBA38600395A1F /* Info.plist */ = {isa = PBXFileReference; lastKnownFileType = text.plist.xml; path = Info.plist; sourceTree = "<group>"; };
		527546731FBBB3B700395A1F /* PDFViewController.swift */ = {isa = PBXFileReference; lastKnownFileType = sourcecode.swift; path = PDFViewController.swift; sourceTree = "<group>"; };
		5282D3951FCF306500A392C5 /* FinancialAccounting.pdf */ = {isa = PBXFileReference; lastKnownFileType = image.pdf; path = FinancialAccounting.pdf; sourceTree = "<group>"; };
		52899BCB209A6502008F91B6 /* MinitexPDFProtocols.framework */ = {isa = PBXFileReference; lastKnownFileType = wrapper.framework; path = MinitexPDFProtocols.framework; sourceTree = "<group>"; };
		52B47AD71FC4C1CD00D7EA12 /* APIKeys.swift */ = {isa = PBXFileReference; lastKnownFileType = sourcecode.swift; path = APIKeys.swift; sourceTree = "<group>"; };
		52B6B1201FD719CB00AFA35B /* Book.swift */ = {isa = PBXFileReference; lastKnownFileType = sourcecode.swift; path = Book.swift; sourceTree = "<group>"; };
		52B6B1221FD7303300AFA35B /* Books.plist */ = {isa = PBXFileReference; lastKnownFileType = text.plist.xml; path = Books.plist; sourceTree = "<group>"; };
		52B872002007FA100054F920 /* PDFAnnotationProvider.swift */ = {isa = PBXFileReference; lastKnownFileType = sourcecode.swift; path = PDFAnnotationProvider.swift; sourceTree = "<group>"; };
		52D5AD701FBCF3C000A8C000 /* PSPDFKit.framework */ = {isa = PBXFileReference; lastKnownFileType = wrapper.framework; name = PSPDFKit.framework; path = Carthage/Build/iOS/PSPDFKit.framework; sourceTree = "<group>"; };
		52D5AD721FBCF3C400A8C000 /* PSPDFKitUI.framework */ = {isa = PBXFileReference; lastKnownFileType = wrapper.framework; name = PSPDFKitUI.framework; path = Carthage/Build/iOS/PSPDFKitUI.framework; sourceTree = "<group>"; };
		52F8C79C20504FEE00B0C804 /* PDFBookmark.swift */ = {isa = PBXFileReference; lastKnownFileType = sourcecode.swift; path = PDFBookmark.swift; sourceTree = "<group>"; };
		52FBB1742048A8170032007F /* PDFAnnotation.swift */ = {isa = PBXFileReference; lastKnownFileType = sourcecode.swift; path = PDFAnnotation.swift; sourceTree = "<group>"; };
		52FBB1762048B2C60032007F /* PDFAgnosticClassTests.swift */ = {isa = PBXFileReference; lastKnownFileType = sourcecode.swift; path = PDFAgnosticClassTests.swift; sourceTree = "<group>"; };
/* End PBXFileReference section */

/* Begin PBXFrameworksBuildPhase section */
		527546231FBBA24800395A1F /* Frameworks */ = {
			isa = PBXFrameworksBuildPhase;
			buildActionMask = 2147483647;
			files = (
				52899BCC209A6502008F91B6 /* MinitexPDFProtocols.framework in Frameworks */,
			);
			runOnlyForDeploymentPostprocessing = 0;
		};
		5275462D1FBBA24800395A1F /* Frameworks */ = {
			isa = PBXFrameworksBuildPhase;
			buildActionMask = 2147483647;
			files = (
				527546311FBBA24800395A1F /* PDF.framework in Frameworks */,
			);
			runOnlyForDeploymentPostprocessing = 0;
		};
		527546421FBBA38500395A1F /* Frameworks */ = {
			isa = PBXFrameworksBuildPhase;
			buildActionMask = 2147483647;
			files = (
				52899BCE209A6510008F91B6 /* MinitexPDFProtocols.framework in Frameworks */,
				52899BC7209A4F56008F91B6 /* PDF.framework in Frameworks */,
			);
			runOnlyForDeploymentPostprocessing = 0;
		};
		527546551FBBA38600395A1F /* Frameworks */ = {
			isa = PBXFrameworksBuildPhase;
			buildActionMask = 2147483647;
			files = (
			);
			runOnlyForDeploymentPostprocessing = 0;
		};
		527546601FBBA38600395A1F /* Frameworks */ = {
			isa = PBXFrameworksBuildPhase;
			buildActionMask = 2147483647;
			files = (
			);
			runOnlyForDeploymentPostprocessing = 0;
		};
/* End PBXFrameworksBuildPhase section */

/* Begin PBXGroup section */
		520C84F02040861000E1F660 /* Mock */ = {
			isa = PBXGroup;
			children = (
				524441172044A14300DFBDF0 /* Book.swift */,
				524441182044A14300DFBDF0 /* Books.plist */,
				520C84FB2040C79D00E1F660 /* DataModeling.pdf */,
				520C84F1204086A700E1F660 /* MockPDFViewControllerDelegate.swift */,
				520C84F320408C6100E1F660 /* MockData.swift */,
				520C84F520408CF600E1F660 /* MockAPIKeysTemplate.swift */,
				520C84F92040926800E1F660 /* MockAPIKeys.swift */,
			);
			path = Mock;
			sourceTree = "<group>";
		};
		5275461D1FBBA24800395A1F = {
			isa = PBXGroup;
			children = (
				527546291FBBA24800395A1F /* PDF */,
				527546341FBBA24800395A1F /* PDFTests */,
				527546461FBBA38500395A1F /* PDFExample */,
				5275465B1FBBA38600395A1F /* PDFExampleTests */,
				527546661FBBA38600395A1F /* PDFExampleUITests */,
				527546281FBBA24800395A1F /* Products */,
				52D5AD671FBCCA4400A8C000 /* Frameworks */,
			);
			sourceTree = "<group>";
		};
		527546281FBBA24800395A1F /* Products */ = {
			isa = PBXGroup;
			children = (
				527546271FBBA24800395A1F /* PDF.framework */,
				527546301FBBA24800395A1F /* PDFTests.xctest */,
				527546451FBBA38500395A1F /* PDFExample.app */,
				527546581FBBA38600395A1F /* PDFExampleTests.xctest */,
				527546631FBBA38600395A1F /* PDFExampleUITests.xctest */,
			);
			name = Products;
			sourceTree = "<group>";
		};
		527546291FBBA24800395A1F /* PDF */ = {
			isa = PBXGroup;
			children = (
				520C84F02040861000E1F660 /* Mock */,
				5275462A1FBBA24800395A1F /* PDF.h */,
				5275462B1FBBA24800395A1F /* Info.plist */,
				527546731FBBB3B700395A1F /* PDFViewController.swift */,
				526769931FE1CC2200FFF668 /* PDFBookmarkProvider.swift */,
				52B872002007FA100054F920 /* PDFAnnotationProvider.swift */,
				52FBB1742048A8170032007F /* PDFAnnotation.swift */,
				52F8C79C20504FEE00B0C804 /* PDFBookmark.swift */,
			);
			path = PDF;
			sourceTree = "<group>";
		};
		527546341FBBA24800395A1F /* PDFTests */ = {
			isa = PBXGroup;
			children = (
				527546351FBBA24800395A1F /* PDFTests.swift */,
				52FBB1762048B2C60032007F /* PDFAgnosticClassTests.swift */,
				527546371FBBA24800395A1F /* Info.plist */,
			);
			path = PDFTests;
			sourceTree = "<group>";
		};
		527546461FBBA38500395A1F /* PDFExample */ = {
			isa = PBXGroup;
			children = (
				52D4AD5F1FD6155D006DC698 /* Books */,
				527546471FBBA38500395A1F /* AppDelegate.swift */,
				527546491FBBA38500395A1F /* ViewController.swift */,
				5275464B1FBBA38500395A1F /* Main.storyboard */,
				5275464E1FBBA38500395A1F /* Assets.xcassets */,
				527546501FBBA38500395A1F /* LaunchScreen.storyboard */,
				527546531FBBA38500395A1F /* Info.plist */,
				52B47AD71FC4C1CD00D7EA12 /* APIKeys.swift */,
				52B6B1201FD719CB00AFA35B /* Book.swift */,
				52B6B1221FD7303300AFA35B /* Books.plist */,
				520C84F7204090C500E1F660 /* APIKeysTemplate.swift */,
			);
			path = PDFExample;
			sourceTree = "<group>";
		};
		5275465B1FBBA38600395A1F /* PDFExampleTests */ = {
			isa = PBXGroup;
			children = (
				5275465C1FBBA38600395A1F /* PDFExampleTests.swift */,
				5275465E1FBBA38600395A1F /* Info.plist */,
			);
			path = PDFExampleTests;
			sourceTree = "<group>";
		};
		527546661FBBA38600395A1F /* PDFExampleUITests */ = {
			isa = PBXGroup;
			children = (
				527546671FBBA38600395A1F /* PDFExampleUITests.swift */,
				527546691FBBA38600395A1F /* Info.plist */,
			);
			path = PDFExampleUITests;
			sourceTree = "<group>";
		};
		52D4AD5F1FD6155D006DC698 /* Books */ = {
			isa = PBXGroup;
			children = (
				5282D3951FCF306500A392C5 /* FinancialAccounting.pdf */,
				52690F0D1FD07F3B004CDD6C /* DataModeling.pdf */,
			);
			path = Books;
			sourceTree = "<group>";
		};
		52D5AD671FBCCA4400A8C000 /* Frameworks */ = {
			isa = PBXGroup;
			children = (
				52899BCB209A6502008F91B6 /* MinitexPDFProtocols.framework */,
				52D5AD721FBCF3C400A8C000 /* PSPDFKitUI.framework */,
				52D5AD701FBCF3C000A8C000 /* PSPDFKit.framework */,
			);
			name = Frameworks;
			sourceTree = "<group>";
		};
/* End PBXGroup section */

/* Begin PBXHeadersBuildPhase section */
		527546241FBBA24800395A1F /* Headers */ = {
			isa = PBXHeadersBuildPhase;
			buildActionMask = 2147483647;
			files = (
				527546381FBBA24800395A1F /* PDF.h in Headers */,
			);
			runOnlyForDeploymentPostprocessing = 0;
		};
/* End PBXHeadersBuildPhase section */

/* Begin PBXNativeTarget section */
		527546261FBBA24800395A1F /* PDF */ = {
			isa = PBXNativeTarget;
			buildConfigurationList = 5275463B1FBBA24800395A1F /* Build configuration list for PBXNativeTarget "PDF" */;
			buildPhases = (
				527546221FBBA24800395A1F /* Sources */,
				527546231FBBA24800395A1F /* Frameworks */,
				527546241FBBA24800395A1F /* Headers */,
				527546251FBBA24800395A1F /* Resources */,
				52802F1A1FC33D6900339477 /* ShellScript */,
				529958E81FD8613000995B39 /* CopyFiles */,
			);
			buildRules = (
			);
			dependencies = (
			);
			name = PDF;
			productName = PDF;
			productReference = 527546271FBBA24800395A1F /* PDF.framework */;
			productType = "com.apple.product-type.framework";
		};
		5275462F1FBBA24800395A1F /* PDFTests */ = {
			isa = PBXNativeTarget;
			buildConfigurationList = 5275463E1FBBA24800395A1F /* Build configuration list for PBXNativeTarget "PDFTests" */;
			buildPhases = (
				5275462C1FBBA24800395A1F /* Sources */,
				5275462D1FBBA24800395A1F /* Frameworks */,
				5275462E1FBBA24800395A1F /* Resources */,
				520C84FF2040D30500E1F660 /* CopyFiles */,
			);
			buildRules = (
			);
			dependencies = (
				527546331FBBA24800395A1F /* PBXTargetDependency */,
			);
			name = PDFTests;
			productName = PDFTests;
			productReference = 527546301FBBA24800395A1F /* PDFTests.xctest */;
			productType = "com.apple.product-type.bundle.unit-test";
		};
		527546441FBBA38500395A1F /* PDFExample */ = {
			isa = PBXNativeTarget;
			buildConfigurationList = 527546701FBBA38600395A1F /* Build configuration list for PBXNativeTarget "PDFExample" */;
			buildPhases = (
				527546411FBBA38500395A1F /* Sources */,
				527546421FBBA38500395A1F /* Frameworks */,
				527546431FBBA38500395A1F /* Resources */,
				52D5AD6E1FBCD74800A8C000 /* Embed Frameworks */,
				529958F11FD8716700995B39 /* ShellScript */,
			);
			buildRules = (
			);
			dependencies = (
				52899BCA209A4F56008F91B6 /* PBXTargetDependency */,
			);
			name = PDFExample;
			productName = PDFExample;
			productReference = 527546451FBBA38500395A1F /* PDFExample.app */;
			productType = "com.apple.product-type.application";
		};
		527546571FBBA38600395A1F /* PDFExampleTests */ = {
			isa = PBXNativeTarget;
			buildConfigurationList = 527546711FBBA38600395A1F /* Build configuration list for PBXNativeTarget "PDFExampleTests" */;
			buildPhases = (
				527546541FBBA38600395A1F /* Sources */,
				527546551FBBA38600395A1F /* Frameworks */,
				527546561FBBA38600395A1F /* Resources */,
			);
			buildRules = (
			);
			dependencies = (
				5275465A1FBBA38600395A1F /* PBXTargetDependency */,
			);
			name = PDFExampleTests;
			productName = PDFExampleTests;
			productReference = 527546581FBBA38600395A1F /* PDFExampleTests.xctest */;
			productType = "com.apple.product-type.bundle.unit-test";
		};
		527546621FBBA38600395A1F /* PDFExampleUITests */ = {
			isa = PBXNativeTarget;
			buildConfigurationList = 527546721FBBA38600395A1F /* Build configuration list for PBXNativeTarget "PDFExampleUITests" */;
			buildPhases = (
				5275465F1FBBA38600395A1F /* Sources */,
				527546601FBBA38600395A1F /* Frameworks */,
				527546611FBBA38600395A1F /* Resources */,
			);
			buildRules = (
			);
			dependencies = (
				527546651FBBA38600395A1F /* PBXTargetDependency */,
			);
			name = PDFExampleUITests;
			productName = PDFExampleUITests;
			productReference = 527546631FBBA38600395A1F /* PDFExampleUITests.xctest */;
			productType = "com.apple.product-type.bundle.ui-testing";
		};
/* End PBXNativeTarget section */

/* Begin PBXProject section */
		5275461E1FBBA24800395A1F /* Project object */ = {
			isa = PBXProject;
			attributes = {
				LastSwiftUpdateCheck = 0900;
				LastUpgradeCheck = 0900;
				ORGANIZATIONNAME = Minitex;
				TargetAttributes = {
					527546261FBBA24800395A1F = {
						CreatedOnToolsVersion = 9.0.1;
						LastSwiftMigration = 0900;
						ProvisioningStyle = Automatic;
					};
					5275462F1FBBA24800395A1F = {
						CreatedOnToolsVersion = 9.0.1;
						ProvisioningStyle = Automatic;
					};
					527546441FBBA38500395A1F = {
						CreatedOnToolsVersion = 9.0.1;
						ProvisioningStyle = Automatic;
					};
					527546571FBBA38600395A1F = {
						CreatedOnToolsVersion = 9.0.1;
						ProvisioningStyle = Automatic;
						TestTargetID = 527546441FBBA38500395A1F;
					};
					527546621FBBA38600395A1F = {
						CreatedOnToolsVersion = 9.0.1;
						ProvisioningStyle = Automatic;
						TestTargetID = 527546441FBBA38500395A1F;
					};
				};
			};
			buildConfigurationList = 527546211FBBA24800395A1F /* Build configuration list for PBXProject "PDF" */;
			compatibilityVersion = "Xcode 8.0";
			developmentRegion = en;
			hasScannedForEncodings = 0;
			knownRegions = (
				en,
				Base,
			);
			mainGroup = 5275461D1FBBA24800395A1F;
			productRefGroup = 527546281FBBA24800395A1F /* Products */;
			projectDirPath = "";
			projectRoot = "";
			targets = (
				527546261FBBA24800395A1F /* PDF */,
				5275462F1FBBA24800395A1F /* PDFTests */,
				527546441FBBA38500395A1F /* PDFExample */,
				527546571FBBA38600395A1F /* PDFExampleTests */,
				527546621FBBA38600395A1F /* PDFExampleUITests */,
			);
		};
/* End PBXProject section */

/* Begin PBXResourcesBuildPhase section */
		527546251FBBA24800395A1F /* Resources */ = {
			isa = PBXResourcesBuildPhase;
			buildActionMask = 2147483647;
			files = (
				520C84FC2040C79D00E1F660 /* DataModeling.pdf in Resources */,
				5244411A2044A14300DFBDF0 /* Books.plist in Resources */,
			);
			runOnlyForDeploymentPostprocessing = 0;
		};
		5275462E1FBBA24800395A1F /* Resources */ = {
			isa = PBXResourcesBuildPhase;
			buildActionMask = 2147483647;
			files = (
			);
			runOnlyForDeploymentPostprocessing = 0;
		};
		527546431FBBA38500395A1F /* Resources */ = {
			isa = PBXResourcesBuildPhase;
			buildActionMask = 2147483647;
			files = (
				527546521FBBA38500395A1F /* LaunchScreen.storyboard in Resources */,
				5275464F1FBBA38500395A1F /* Assets.xcassets in Resources */,
				5275464D1FBBA38500395A1F /* Main.storyboard in Resources */,
				52B6B1231FD7303300AFA35B /* Books.plist in Resources */,
				5282D3961FCF306500A392C5 /* FinancialAccounting.pdf in Resources */,
				52690F0E1FD07F3B004CDD6C /* DataModeling.pdf in Resources */,
			);
			runOnlyForDeploymentPostprocessing = 0;
		};
		527546561FBBA38600395A1F /* Resources */ = {
			isa = PBXResourcesBuildPhase;
			buildActionMask = 2147483647;
			files = (
			);
			runOnlyForDeploymentPostprocessing = 0;
		};
		527546611FBBA38600395A1F /* Resources */ = {
			isa = PBXResourcesBuildPhase;
			buildActionMask = 2147483647;
			files = (
			);
			runOnlyForDeploymentPostprocessing = 0;
		};
/* End PBXResourcesBuildPhase section */

/* Begin PBXShellScriptBuildPhase section */
		52802F1A1FC33D6900339477 /* ShellScript */ = {
			isa = PBXShellScriptBuildPhase;
			buildActionMask = 2147483647;
			files = (
			);
			inputPaths = (
				"$(SRCROOT)/Carthage/Build/iOS/PSPDFKit.framework",
				"$(SRCROOT)/Carthage/Build/iOS/PSPDFKitUI.framework",
			);
			outputPaths = (
			);
			runOnlyForDeploymentPostprocessing = 0;
			shellPath = /bin/sh;
			shellScript = "#/usr/local/bin/carthage copy-frameworks\n\nif which swiftlint >/dev/null; then\n    swiftlint\nelse\n    echo \"warning: SwiftLint not installed, download from https://gitub.com/realm/SwiftLint\"\nfi";
		};
		529958F11FD8716700995B39 /* ShellScript */ = {
			isa = PBXShellScriptBuildPhase;
			buildActionMask = 2147483647;
			files = (
			);
			inputPaths = (
				"$(SRCROOT)/Carthage/Build/iOS/PSPDFKit.framework",
				"$(SRCROOT)/Carthage/Build/iOS/PSPDFKitUI.framework",
			);
			outputPaths = (
			);
			runOnlyForDeploymentPostprocessing = 0;
			shellPath = /bin/sh;
			shellScript = "/usr/local/bin/carthage copy-frameworks\n\nif which swiftlint >/dev/null; then\n    swiftlint\nelse\n    echo \"warning: SwiftLint not installed, download from https://gitub.com/realm/SwiftLint\"\nfi";
		};
/* End PBXShellScriptBuildPhase section */

/* Begin PBXSourcesBuildPhase section */
		527546221FBBA24800395A1F /* Sources */ = {
			isa = PBXSourcesBuildPhase;
			buildActionMask = 2147483647;
			files = (
				524441192044A14300DFBDF0 /* Book.swift in Sources */,
				520C84F620408CF600E1F660 /* MockAPIKeysTemplate.swift in Sources */,
				520C84F2204086A700E1F660 /* MockPDFViewControllerDelegate.swift in Sources */,
				52FBB1752048A8170032007F /* PDFAnnotation.swift in Sources */,
				520C84FA2040926800E1F660 /* MockAPIKeys.swift in Sources */,
				52B872012007FA100054F920 /* PDFAnnotationProvider.swift in Sources */,
				527546741FBBB3B700395A1F /* PDFViewController.swift in Sources */,
				526769941FE1CC2200FFF668 /* PDFBookmarkProvider.swift in Sources */,
				52F8C79D20504FEE00B0C804 /* PDFBookmark.swift in Sources */,
				520C84F420408C6100E1F660 /* MockData.swift in Sources */,
			);
			runOnlyForDeploymentPostprocessing = 0;
		};
		5275462C1FBBA24800395A1F /* Sources */ = {
			isa = PBXSourcesBuildPhase;
			buildActionMask = 2147483647;
			files = (
				527546361FBBA24800395A1F /* PDFTests.swift in Sources */,
				52FBB1772048B2C60032007F /* PDFAgnosticClassTests.swift in Sources */,
			);
			runOnlyForDeploymentPostprocessing = 0;
		};
		527546411FBBA38500395A1F /* Sources */ = {
			isa = PBXSourcesBuildPhase;
			buildActionMask = 2147483647;
			files = (
				52B6B1211FD719CB00AFA35B /* Book.swift in Sources */,
				52B47AD81FC4C1CD00D7EA12 /* APIKeys.swift in Sources */,
				5275464A1FBBA38500395A1F /* ViewController.swift in Sources */,
				527546481FBBA38500395A1F /* AppDelegate.swift in Sources */,
				520C84F8204090C500E1F660 /* APIKeysTemplate.swift in Sources */,
			);
			runOnlyForDeploymentPostprocessing = 0;
		};
		527546541FBBA38600395A1F /* Sources */ = {
			isa = PBXSourcesBuildPhase;
			buildActionMask = 2147483647;
			files = (
				5275465D1FBBA38600395A1F /* PDFExampleTests.swift in Sources */,
			);
			runOnlyForDeploymentPostprocessing = 0;
		};
		5275465F1FBBA38600395A1F /* Sources */ = {
			isa = PBXSourcesBuildPhase;
			buildActionMask = 2147483647;
			files = (
				527546681FBBA38600395A1F /* PDFExampleUITests.swift in Sources */,
			);
			runOnlyForDeploymentPostprocessing = 0;
		};
/* End PBXSourcesBuildPhase section */

/* Begin PBXTargetDependency section */
		527546331FBBA24800395A1F /* PBXTargetDependency */ = {
			isa = PBXTargetDependency;
			target = 527546261FBBA24800395A1F /* PDF */;
			targetProxy = 527546321FBBA24800395A1F /* PBXContainerItemProxy */;
		};
		5275465A1FBBA38600395A1F /* PBXTargetDependency */ = {
			isa = PBXTargetDependency;
			target = 527546441FBBA38500395A1F /* PDFExample */;
			targetProxy = 527546591FBBA38600395A1F /* PBXContainerItemProxy */;
		};
		527546651FBBA38600395A1F /* PBXTargetDependency */ = {
			isa = PBXTargetDependency;
			target = 527546441FBBA38500395A1F /* PDFExample */;
			targetProxy = 527546641FBBA38600395A1F /* PBXContainerItemProxy */;
		};
		52899BCA209A4F56008F91B6 /* PBXTargetDependency */ = {
			isa = PBXTargetDependency;
			target = 527546261FBBA24800395A1F /* PDF */;
			targetProxy = 52899BC9209A4F56008F91B6 /* PBXContainerItemProxy */;
		};
/* End PBXTargetDependency section */

/* Begin PBXVariantGroup section */
		5275464B1FBBA38500395A1F /* Main.storyboard */ = {
			isa = PBXVariantGroup;
			children = (
				5275464C1FBBA38500395A1F /* Base */,
			);
			name = Main.storyboard;
			sourceTree = "<group>";
		};
		527546501FBBA38500395A1F /* LaunchScreen.storyboard */ = {
			isa = PBXVariantGroup;
			children = (
				527546511FBBA38500395A1F /* Base */,
			);
			name = LaunchScreen.storyboard;
			sourceTree = "<group>";
		};
/* End PBXVariantGroup section */

/* Begin XCBuildConfiguration section */
		527546391FBBA24800395A1F /* Debug */ = {
			isa = XCBuildConfiguration;
			buildSettings = {
				ALWAYS_SEARCH_USER_PATHS = NO;
				CLANG_ANALYZER_NONNULL = YES;
				CLANG_ANALYZER_NUMBER_OBJECT_CONVERSION = YES_AGGRESSIVE;
				CLANG_CXX_LANGUAGE_STANDARD = "gnu++14";
				CLANG_CXX_LIBRARY = "libc++";
				CLANG_ENABLE_MODULES = YES;
				CLANG_ENABLE_OBJC_ARC = YES;
				CLANG_WARN_BLOCK_CAPTURE_AUTORELEASING = YES;
				CLANG_WARN_BOOL_CONVERSION = YES;
				CLANG_WARN_COMMA = YES;
				CLANG_WARN_CONSTANT_CONVERSION = YES;
				CLANG_WARN_DIRECT_OBJC_ISA_USAGE = YES_ERROR;
				CLANG_WARN_DOCUMENTATION_COMMENTS = YES;
				CLANG_WARN_EMPTY_BODY = YES;
				CLANG_WARN_ENUM_CONVERSION = YES;
				CLANG_WARN_INFINITE_RECURSION = YES;
				CLANG_WARN_INT_CONVERSION = YES;
				CLANG_WARN_NON_LITERAL_NULL_CONVERSION = YES;
				CLANG_WARN_OBJC_LITERAL_CONVERSION = YES;
				CLANG_WARN_OBJC_ROOT_CLASS = YES_ERROR;
				CLANG_WARN_RANGE_LOOP_ANALYSIS = YES;
				CLANG_WARN_STRICT_PROTOTYPES = YES;
				CLANG_WARN_SUSPICIOUS_MOVE = YES;
				CLANG_WARN_UNGUARDED_AVAILABILITY = YES_AGGRESSIVE;
				CLANG_WARN_UNREACHABLE_CODE = YES;
				CLANG_WARN__DUPLICATE_METHOD_MATCH = YES;
				CODE_SIGN_IDENTITY = "iPhone Developer";
				COPY_PHASE_STRIP = NO;
				CURRENT_PROJECT_VERSION = 1;
				DEBUG_INFORMATION_FORMAT = dwarf;
				ENABLE_STRICT_OBJC_MSGSEND = YES;
				ENABLE_TESTABILITY = YES;
				GCC_C_LANGUAGE_STANDARD = gnu11;
				GCC_DYNAMIC_NO_PIC = NO;
				GCC_NO_COMMON_BLOCKS = YES;
				GCC_OPTIMIZATION_LEVEL = 0;
				GCC_PREPROCESSOR_DEFINITIONS = (
					"DEBUG=1",
					"$(inherited)",
				);
				GCC_WARN_64_TO_32_BIT_CONVERSION = YES;
				GCC_WARN_ABOUT_RETURN_TYPE = YES_ERROR;
				GCC_WARN_UNDECLARED_SELECTOR = YES;
				GCC_WARN_UNINITIALIZED_AUTOS = YES_AGGRESSIVE;
				GCC_WARN_UNUSED_FUNCTION = YES;
				GCC_WARN_UNUSED_VARIABLE = YES;
				IPHONEOS_DEPLOYMENT_TARGET = 11.0;
				LD_RUNPATH_SEARCH_PATHS = "";
				MTL_ENABLE_DEBUG_INFO = YES;
				ONLY_ACTIVE_ARCH = YES;
				SDKROOT = iphoneos;
				SWIFT_ACTIVE_COMPILATION_CONDITIONS = DEBUG;
				SWIFT_OPTIMIZATION_LEVEL = "-Onone";
				VERSIONING_SYSTEM = "apple-generic";
				VERSION_INFO_PREFIX = "";
			};
			name = Debug;
		};
		5275463A1FBBA24800395A1F /* Release */ = {
			isa = XCBuildConfiguration;
			buildSettings = {
				ALWAYS_SEARCH_USER_PATHS = NO;
				CLANG_ANALYZER_NONNULL = YES;
				CLANG_ANALYZER_NUMBER_OBJECT_CONVERSION = YES_AGGRESSIVE;
				CLANG_CXX_LANGUAGE_STANDARD = "gnu++14";
				CLANG_CXX_LIBRARY = "libc++";
				CLANG_ENABLE_MODULES = YES;
				CLANG_ENABLE_OBJC_ARC = YES;
				CLANG_WARN_BLOCK_CAPTURE_AUTORELEASING = YES;
				CLANG_WARN_BOOL_CONVERSION = YES;
				CLANG_WARN_COMMA = YES;
				CLANG_WARN_CONSTANT_CONVERSION = YES;
				CLANG_WARN_DIRECT_OBJC_ISA_USAGE = YES_ERROR;
				CLANG_WARN_DOCUMENTATION_COMMENTS = YES;
				CLANG_WARN_EMPTY_BODY = YES;
				CLANG_WARN_ENUM_CONVERSION = YES;
				CLANG_WARN_INFINITE_RECURSION = YES;
				CLANG_WARN_INT_CONVERSION = YES;
				CLANG_WARN_NON_LITERAL_NULL_CONVERSION = YES;
				CLANG_WARN_OBJC_LITERAL_CONVERSION = YES;
				CLANG_WARN_OBJC_ROOT_CLASS = YES_ERROR;
				CLANG_WARN_RANGE_LOOP_ANALYSIS = YES;
				CLANG_WARN_STRICT_PROTOTYPES = YES;
				CLANG_WARN_SUSPICIOUS_MOVE = YES;
				CLANG_WARN_UNGUARDED_AVAILABILITY = YES_AGGRESSIVE;
				CLANG_WARN_UNREACHABLE_CODE = YES;
				CLANG_WARN__DUPLICATE_METHOD_MATCH = YES;
				CODE_SIGN_IDENTITY = "iPhone Developer";
				COPY_PHASE_STRIP = NO;
				CURRENT_PROJECT_VERSION = 1;
				DEBUG_INFORMATION_FORMAT = "dwarf-with-dsym";
				ENABLE_NS_ASSERTIONS = NO;
				ENABLE_STRICT_OBJC_MSGSEND = YES;
				GCC_C_LANGUAGE_STANDARD = gnu11;
				GCC_NO_COMMON_BLOCKS = YES;
				GCC_WARN_64_TO_32_BIT_CONVERSION = YES;
				GCC_WARN_ABOUT_RETURN_TYPE = YES_ERROR;
				GCC_WARN_UNDECLARED_SELECTOR = YES;
				GCC_WARN_UNINITIALIZED_AUTOS = YES_AGGRESSIVE;
				GCC_WARN_UNUSED_FUNCTION = YES;
				GCC_WARN_UNUSED_VARIABLE = YES;
				IPHONEOS_DEPLOYMENT_TARGET = 11.0;
				LD_RUNPATH_SEARCH_PATHS = "";
				MTL_ENABLE_DEBUG_INFO = NO;
				SDKROOT = iphoneos;
				SWIFT_OPTIMIZATION_LEVEL = "-Owholemodule";
				VALIDATE_PRODUCT = YES;
				VERSIONING_SYSTEM = "apple-generic";
				VERSION_INFO_PREFIX = "";
			};
			name = Release;
		};
		5275463C1FBBA24800395A1F /* Debug */ = {
			isa = XCBuildConfiguration;
			buildSettings = {
				CLANG_ENABLE_MODULES = YES;
				CODE_SIGN_IDENTITY = "";
				CODE_SIGN_STYLE = Automatic;
				DEFINES_MODULE = YES;
				DEVELOPMENT_TEAM = J4LA386TR6;
				DYLIB_COMPATIBILITY_VERSION = 1;
				DYLIB_CURRENT_VERSION = 1;
				DYLIB_INSTALL_NAME_BASE = "@rpath";
				FRAMEWORK_SEARCH_PATHS = (
					"$(inherited)",
					"$(PROJECT_DIR)/Carthage/Build/iOS",
					"$(PROJECT_DIR)",
				);
				INFOPLIST_FILE = PDF/Info.plist;
				INSTALL_PATH = "$(LOCAL_LIBRARY_DIR)/Frameworks";
				LD_RUNPATH_SEARCH_PATHS = "$(inherited) @executable_path/Frameworks @loader_path/Frameworks";
				PRODUCT_BUNDLE_IDENTIFIER = edu.umn.minitex.simplye.PDF;
				PRODUCT_NAME = "$(TARGET_NAME:c99extidentifier)";
				SKIP_INSTALL = YES;
				SWIFT_OPTIMIZATION_LEVEL = "-Onone";
				SWIFT_VERSION = 4.0;
				TARGETED_DEVICE_FAMILY = "1,2";
			};
			name = Debug;
		};
		5275463D1FBBA24800395A1F /* Release */ = {
			isa = XCBuildConfiguration;
			buildSettings = {
				CLANG_ENABLE_MODULES = YES;
				CODE_SIGN_IDENTITY = "";
				CODE_SIGN_STYLE = Automatic;
				DEFINES_MODULE = YES;
				DEVELOPMENT_TEAM = J4LA386TR6;
				DYLIB_COMPATIBILITY_VERSION = 1;
				DYLIB_CURRENT_VERSION = 1;
				DYLIB_INSTALL_NAME_BASE = "@rpath";
				FRAMEWORK_SEARCH_PATHS = (
					"$(inherited)",
					"$(PROJECT_DIR)/Carthage/Build/iOS",
					"$(PROJECT_DIR)",
				);
				INFOPLIST_FILE = PDF/Info.plist;
				INSTALL_PATH = "$(LOCAL_LIBRARY_DIR)/Frameworks";
				LD_RUNPATH_SEARCH_PATHS = "$(inherited) @executable_path/Frameworks @loader_path/Frameworks";
				PRODUCT_BUNDLE_IDENTIFIER = edu.umn.minitex.simplye.PDF;
				PRODUCT_NAME = "$(TARGET_NAME:c99extidentifier)";
				SKIP_INSTALL = YES;
				SWIFT_VERSION = 4.0;
				TARGETED_DEVICE_FAMILY = "1,2";
			};
			name = Release;
		};
		5275463F1FBBA24800395A1F /* Debug */ = {
			isa = XCBuildConfiguration;
			buildSettings = {
				ALWAYS_EMBED_SWIFT_STANDARD_LIBRARIES = YES;
				CODE_SIGN_STYLE = Automatic;
				DEVELOPMENT_TEAM = K97KHP3ZWG;
				FRAMEWORK_SEARCH_PATHS = (
					"$(inherited)",
					"$(PROJECT_DIR)/Carthage/Build/iOS",
				);
				INFOPLIST_FILE = PDFTests/Info.plist;
				LD_RUNPATH_SEARCH_PATHS = "$(inherited) @executable_path/Frameworks @loader_path/Frameworks";
				PRODUCT_BUNDLE_IDENTIFIER = edu.umn.minitex.simplye.PDFTests;
				PRODUCT_NAME = "$(TARGET_NAME)";
				SWIFT_VERSION = 4.0;
				TARGETED_DEVICE_FAMILY = "1,2";
			};
			name = Debug;
		};
		527546401FBBA24800395A1F /* Release */ = {
			isa = XCBuildConfiguration;
			buildSettings = {
				ALWAYS_EMBED_SWIFT_STANDARD_LIBRARIES = YES;
				CODE_SIGN_STYLE = Automatic;
				DEVELOPMENT_TEAM = K97KHP3ZWG;
				FRAMEWORK_SEARCH_PATHS = (
					"$(inherited)",
					"$(PROJECT_DIR)/Carthage/Build/iOS",
				);
				INFOPLIST_FILE = PDFTests/Info.plist;
				LD_RUNPATH_SEARCH_PATHS = "$(inherited) @executable_path/Frameworks @loader_path/Frameworks";
				PRODUCT_BUNDLE_IDENTIFIER = edu.umn.minitex.simplye.PDFTests;
				PRODUCT_NAME = "$(TARGET_NAME)";
				SWIFT_VERSION = 4.0;
				TARGETED_DEVICE_FAMILY = "1,2";
			};
			name = Release;
		};
		5275466A1FBBA38600395A1F /* Debug */ = {
			isa = XCBuildConfiguration;
			buildSettings = {
				ALWAYS_EMBED_SWIFT_STANDARD_LIBRARIES = YES;
				ASSETCATALOG_COMPILER_APPICON_NAME = AppIcon;
				"CODE_SIGN_IDENTITY[sdk=iphoneos*]" = "iPhone Developer";
				CODE_SIGN_STYLE = Automatic;
				DEVELOPMENT_TEAM = J4LA386TR6;
				FRAMEWORK_SEARCH_PATHS = (
					"$(inherited)",
					"$(PROJECT_DIR)/Carthage/Build/iOS",
					"$(PROJECT_DIR)",
				);
				INFOPLIST_FILE = PDFExample/Info.plist;
				LD_RUNPATH_SEARCH_PATHS = "$(inherited) @loader_path/Frameworks @executable_path/Frameworks";
				PRODUCT_BUNDLE_IDENTIFIER = edu.umn.minitex.simplye.pdfexample;
				PRODUCT_NAME = "$(TARGET_NAME)";
				PROVISIONING_PROFILE = "";
				PROVISIONING_PROFILE_SPECIFIER = "";
				SWIFT_VERSION = 4.0;
				TARGETED_DEVICE_FAMILY = "1,2";
			};
			name = Debug;
		};
		5275466B1FBBA38600395A1F /* Release */ = {
			isa = XCBuildConfiguration;
			buildSettings = {
				ALWAYS_EMBED_SWIFT_STANDARD_LIBRARIES = YES;
				ASSETCATALOG_COMPILER_APPICON_NAME = AppIcon;
				"CODE_SIGN_IDENTITY[sdk=iphoneos*]" = "iPhone Developer";
				CODE_SIGN_STYLE = Automatic;
				DEVELOPMENT_TEAM = J4LA386TR6;
				FRAMEWORK_SEARCH_PATHS = (
					"$(inherited)",
					"$(PROJECT_DIR)/Carthage/Build/iOS",
					"$(PROJECT_DIR)",
				);
				INFOPLIST_FILE = PDFExample/Info.plist;
				LD_RUNPATH_SEARCH_PATHS = "$(inherited) @loader_path/Frameworks @executable_path/Frameworks";
				PRODUCT_BUNDLE_IDENTIFIER = edu.umn.minitex.simplye.pdfexample;
				PRODUCT_NAME = "$(TARGET_NAME)";
				PROVISIONING_PROFILE_SPECIFIER = "";
				SWIFT_VERSION = 4.0;
				TARGETED_DEVICE_FAMILY = "1,2";
			};
			name = Release;
		};
		5275466C1FBBA38600395A1F /* Debug */ = {
			isa = XCBuildConfiguration;
			buildSettings = {
				ALWAYS_EMBED_SWIFT_STANDARD_LIBRARIES = YES;
				BUNDLE_LOADER = "$(TEST_HOST)";
				CODE_SIGN_STYLE = Automatic;
				DEVELOPMENT_TEAM = K97KHP3ZWG;
				INFOPLIST_FILE = PDFExampleTests/Info.plist;
				LD_RUNPATH_SEARCH_PATHS = "$(inherited) @executable_path/Frameworks @loader_path/Frameworks";
				PRODUCT_BUNDLE_IDENTIFIER = edu.umn.minitex.simplye.PDFExampleTests;
				PRODUCT_NAME = "$(TARGET_NAME)";
				SWIFT_VERSION = 4.0;
				TARGETED_DEVICE_FAMILY = "1,2";
				TEST_HOST = "$(BUILT_PRODUCTS_DIR)/PDFExample.app/PDFExample";
			};
			name = Debug;
		};
		5275466D1FBBA38600395A1F /* Release */ = {
			isa = XCBuildConfiguration;
			buildSettings = {
				ALWAYS_EMBED_SWIFT_STANDARD_LIBRARIES = YES;
				BUNDLE_LOADER = "$(TEST_HOST)";
				CODE_SIGN_STYLE = Automatic;
				DEVELOPMENT_TEAM = K97KHP3ZWG;
				INFOPLIST_FILE = PDFExampleTests/Info.plist;
				LD_RUNPATH_SEARCH_PATHS = "$(inherited) @executable_path/Frameworks @loader_path/Frameworks";
				PRODUCT_BUNDLE_IDENTIFIER = edu.umn.minitex.simplye.PDFExampleTests;
				PRODUCT_NAME = "$(TARGET_NAME)";
				SWIFT_VERSION = 4.0;
				TARGETED_DEVICE_FAMILY = "1,2";
				TEST_HOST = "$(BUILT_PRODUCTS_DIR)/PDFExample.app/PDFExample";
			};
			name = Release;
		};
		5275466E1FBBA38600395A1F /* Debug */ = {
			isa = XCBuildConfiguration;
			buildSettings = {
				ALWAYS_EMBED_SWIFT_STANDARD_LIBRARIES = YES;
				CODE_SIGN_STYLE = Automatic;
				DEVELOPMENT_TEAM = K97KHP3ZWG;
				INFOPLIST_FILE = PDFExampleUITests/Info.plist;
				LD_RUNPATH_SEARCH_PATHS = "$(inherited) @executable_path/Frameworks @loader_path/Frameworks";
				PRODUCT_BUNDLE_IDENTIFIER = edu.umn.minitex.simplye.PDFExampleUITests;
				PRODUCT_NAME = "$(TARGET_NAME)";
				SWIFT_VERSION = 4.0;
				TARGETED_DEVICE_FAMILY = "1,2";
				TEST_TARGET_NAME = PDFExample;
			};
			name = Debug;
		};
		5275466F1FBBA38600395A1F /* Release */ = {
			isa = XCBuildConfiguration;
			buildSettings = {
				ALWAYS_EMBED_SWIFT_STANDARD_LIBRARIES = YES;
				CODE_SIGN_STYLE = Automatic;
				DEVELOPMENT_TEAM = K97KHP3ZWG;
				INFOPLIST_FILE = PDFExampleUITests/Info.plist;
				LD_RUNPATH_SEARCH_PATHS = "$(inherited) @executable_path/Frameworks @loader_path/Frameworks";
				PRODUCT_BUNDLE_IDENTIFIER = edu.umn.minitex.simplye.PDFExampleUITests;
				PRODUCT_NAME = "$(TARGET_NAME)";
				SWIFT_VERSION = 4.0;
				TARGETED_DEVICE_FAMILY = "1,2";
				TEST_TARGET_NAME = PDFExample;
			};
			name = Release;
		};
/* End XCBuildConfiguration section */

/* Begin XCConfigurationList section */
		527546211FBBA24800395A1F /* Build configuration list for PBXProject "PDF" */ = {
			isa = XCConfigurationList;
			buildConfigurations = (
				527546391FBBA24800395A1F /* Debug */,
				5275463A1FBBA24800395A1F /* Release */,
			);
			defaultConfigurationIsVisible = 0;
			defaultConfigurationName = Release;
		};
		5275463B1FBBA24800395A1F /* Build configuration list for PBXNativeTarget "PDF" */ = {
			isa = XCConfigurationList;
			buildConfigurations = (
				5275463C1FBBA24800395A1F /* Debug */,
				5275463D1FBBA24800395A1F /* Release */,
			);
			defaultConfigurationIsVisible = 0;
			defaultConfigurationName = Release;
		};
		5275463E1FBBA24800395A1F /* Build configuration list for PBXNativeTarget "PDFTests" */ = {
			isa = XCConfigurationList;
			buildConfigurations = (
				5275463F1FBBA24800395A1F /* Debug */,
				527546401FBBA24800395A1F /* Release */,
			);
			defaultConfigurationIsVisible = 0;
			defaultConfigurationName = Release;
		};
		527546701FBBA38600395A1F /* Build configuration list for PBXNativeTarget "PDFExample" */ = {
			isa = XCConfigurationList;
			buildConfigurations = (
				5275466A1FBBA38600395A1F /* Debug */,
				5275466B1FBBA38600395A1F /* Release */,
			);
			defaultConfigurationIsVisible = 0;
			defaultConfigurationName = Release;
		};
		527546711FBBA38600395A1F /* Build configuration list for PBXNativeTarget "PDFExampleTests" */ = {
			isa = XCConfigurationList;
			buildConfigurations = (
				5275466C1FBBA38600395A1F /* Debug */,
				5275466D1FBBA38600395A1F /* Release */,
			);
			defaultConfigurationIsVisible = 0;
			defaultConfigurationName = Release;
		};
		527546721FBBA38600395A1F /* Build configuration list for PBXNativeTarget "PDFExampleUITests" */ = {
			isa = XCConfigurationList;
			buildConfigurations = (
				5275466E1FBBA38600395A1F /* Debug */,
				5275466F1FBBA38600395A1F /* Release */,
			);
			defaultConfigurationIsVisible = 0;
			defaultConfigurationName = Release;
		};
/* End XCConfigurationList section */
	};
	rootObject = 5275461E1FBBA24800395A1F /* Project object */;
}
